
Microsoft Visual Studio Solution File, Format Version 12.00
# Visual Studio 2012
VisualStudioVersion = 12.0.30110.0
MinimumVisualStudioVersion = 10.0.40219.1
Project("{FAE04EC0-301F-11D3-BF4B-00C04F79EFBC}") = "TodoApp.Shared.BL", "Shared\TodoApp.Shared.BL\TodoApp.Shared.BL.csproj", "{7B5694A6-F0FA-41DD-AEAE-69F6436C5124}"
EndProject
Project("{FAE04EC0-301F-11D3-BF4B-00C04F79EFBC}") = "TodoApp.Shared.BL.Tests", "Shared\TodoApp.Shared.BL.Tests\TodoApp.Shared.BL.Tests.csproj", "{057B86C2-562D-4ED3-AB82-9DE0528BCF19}"
EndProject
Project("{FAE04EC0-301F-11D3-BF4B-00C04F79EFBC}") = "TodoApp.Clients.Core", "Clients\TodoApp.Clients.Core\TodoApp.Clients.Core.csproj", "{C71DD928-8787-47D6-B219-81C6FA18419A}"
EndProject
Project("{FAE04EC0-301F-11D3-BF4B-00C04F79EFBC}") = "TodoApp.Clients.WP", "Clients\TodoApp.Clients.WP\TodoApp.Clients.WP.csproj", "{0474F487-2AC0-47F2-BB52-A795019C5177}"
EndProject
Project("{FAE04EC0-301F-11D3-BF4B-00C04F79EFBC}") = "TodoApp.Clients.Android", "Clients\TodoApp.Clients.Android\TodoApp.Clients.Android.csproj", "{9CC3BC21-0ACA-4DF8-8F0D-C49FC45BB461}"
EndProject
Project("{FAE04EC0-301F-11D3-BF4B-00C04F79EFBC}") = "TodoApp.Clients.iPhone", "Clients\TodoApp.Clients.iPhone\TodoApp.Clients.iPhone.csproj", "{FB4E912F-AF4D-478C-B3CF-B72142E112D5}"
EndProject
Global
	GlobalSection(SolutionConfigurationPlatforms) = preSolution
		Debug|Any CPU = Debug|Any CPU
		Debug|ARM = Debug|ARM
		Debug|x86 = Debug|x86
		Release|Any CPU = Release|Any CPU
		Release|ARM = Release|ARM
		Release|x86 = Release|x86
		Debug|iPhoneSimulator = Debug|iPhoneSimulator
		Release|iPhoneSimulator = Release|iPhoneSimulator
		Debug|iPhone = Debug|iPhone
		Release|iPhone = Release|iPhone
		Ad-Hoc|iPhone = Ad-Hoc|iPhone
		AppStore|iPhone = AppStore|iPhone
	EndGlobalSection
	GlobalSection(ProjectConfigurationPlatforms) = postSolution
		{0474F487-2AC0-47F2-BB52-A795019C5177}.Debug|Any CPU.ActiveCfg = Debug|Any CPU
		{0474F487-2AC0-47F2-BB52-A795019C5177}.Debug|Any CPU.Build.0 = Debug|Any CPU
		{0474F487-2AC0-47F2-BB52-A795019C5177}.Debug|Any CPU.Deploy.0 = Debug|Any CPU
		{0474F487-2AC0-47F2-BB52-A795019C5177}.Debug|ARM.ActiveCfg = Debug|ARM
		{0474F487-2AC0-47F2-BB52-A795019C5177}.Debug|ARM.Build.0 = Debug|ARM
		{0474F487-2AC0-47F2-BB52-A795019C5177}.Debug|ARM.Deploy.0 = Debug|ARM
		{0474F487-2AC0-47F2-BB52-A795019C5177}.Debug|x86.ActiveCfg = Debug|x86
		{0474F487-2AC0-47F2-BB52-A795019C5177}.Debug|x86.Build.0 = Debug|x86
		{0474F487-2AC0-47F2-BB52-A795019C5177}.Debug|x86.Deploy.0 = Debug|x86
		{0474F487-2AC0-47F2-BB52-A795019C5177}.Release|Any CPU.ActiveCfg = Release|Any CPU
		{0474F487-2AC0-47F2-BB52-A795019C5177}.Release|Any CPU.Build.0 = Release|Any CPU
		{0474F487-2AC0-47F2-BB52-A795019C5177}.Release|Any CPU.Deploy.0 = Release|Any CPU
		{0474F487-2AC0-47F2-BB52-A795019C5177}.Release|ARM.ActiveCfg = Release|ARM
		{0474F487-2AC0-47F2-BB52-A795019C5177}.Release|ARM.Build.0 = Release|ARM
		{0474F487-2AC0-47F2-BB52-A795019C5177}.Release|ARM.Deploy.0 = Release|ARM
		{0474F487-2AC0-47F2-BB52-A795019C5177}.Release|x86.ActiveCfg = Release|x86
		{0474F487-2AC0-47F2-BB52-A795019C5177}.Release|x86.Build.0 = Release|x86
		{0474F487-2AC0-47F2-BB52-A795019C5177}.Release|x86.Deploy.0 = Release|x86
		{057B86C2-562D-4ED3-AB82-9DE0528BCF19}.Debug|Any CPU.ActiveCfg = Debug|Any CPU
		{057B86C2-562D-4ED3-AB82-9DE0528BCF19}.Debug|Any CPU.Build.0 = Debug|Any CPU
		{057B86C2-562D-4ED3-AB82-9DE0528BCF19}.Debug|ARM.ActiveCfg = Debug|Any CPU
		{057B86C2-562D-4ED3-AB82-9DE0528BCF19}.Debug|x86.ActiveCfg = Debug|Any CPU
		{057B86C2-562D-4ED3-AB82-9DE0528BCF19}.Release|Any CPU.ActiveCfg = Release|Any CPU
		{057B86C2-562D-4ED3-AB82-9DE0528BCF19}.Release|Any CPU.Build.0 = Release|Any CPU
		{057B86C2-562D-4ED3-AB82-9DE0528BCF19}.Release|ARM.ActiveCfg = Release|Any CPU
		{057B86C2-562D-4ED3-AB82-9DE0528BCF19}.Release|x86.ActiveCfg = Release|Any CPU
		{7B5694A6-F0FA-41DD-AEAE-69F6436C5124}.Ad-Hoc|iPhone.ActiveCfg = Debug|Any CPU
		{7B5694A6-F0FA-41DD-AEAE-69F6436C5124}.Ad-Hoc|iPhone.Build.0 = Debug|Any CPU
		{7B5694A6-F0FA-41DD-AEAE-69F6436C5124}.AppStore|iPhone.ActiveCfg = Debug|Any CPU
		{7B5694A6-F0FA-41DD-AEAE-69F6436C5124}.AppStore|iPhone.Build.0 = Debug|Any CPU
		{7B5694A6-F0FA-41DD-AEAE-69F6436C5124}.Debug|Any CPU.ActiveCfg = Debug|Any CPU
		{7B5694A6-F0FA-41DD-AEAE-69F6436C5124}.Debug|Any CPU.Build.0 = Debug|Any CPU
		{7B5694A6-F0FA-41DD-AEAE-69F6436C5124}.Debug|ARM.ActiveCfg = Debug|Any CPU
		{7B5694A6-F0FA-41DD-AEAE-69F6436C5124}.Debug|iPhone.ActiveCfg = Debug|Any CPU
		{7B5694A6-F0FA-41DD-AEAE-69F6436C5124}.Debug|iPhone.Build.0 = Debug|Any CPU
		{7B5694A6-F0FA-41DD-AEAE-69F6436C5124}.Debug|iPhoneSimulator.ActiveCfg = Debug|Any CPU
		{7B5694A6-F0FA-41DD-AEAE-69F6436C5124}.Debug|iPhoneSimulator.Build.0 = Debug|Any CPU
		{7B5694A6-F0FA-41DD-AEAE-69F6436C5124}.Debug|x86.ActiveCfg = Debug|Any CPU
		{7B5694A6-F0FA-41DD-AEAE-69F6436C5124}.Release|Any CPU.ActiveCfg = Release|Any CPU
		{7B5694A6-F0FA-41DD-AEAE-69F6436C5124}.Release|Any CPU.Build.0 = Release|Any CPU
		{7B5694A6-F0FA-41DD-AEAE-69F6436C5124}.Release|ARM.ActiveCfg = Release|Any CPU
		{7B5694A6-F0FA-41DD-AEAE-69F6436C5124}.Release|iPhone.ActiveCfg = Release|Any CPU
		{7B5694A6-F0FA-41DD-AEAE-69F6436C5124}.Release|iPhone.Build.0 = Release|Any CPU
		{7B5694A6-F0FA-41DD-AEAE-69F6436C5124}.Release|iPhoneSimulator.ActiveCfg = Release|Any CPU
		{7B5694A6-F0FA-41DD-AEAE-69F6436C5124}.Release|iPhoneSimulator.Build.0 = Release|Any CPU
		{7B5694A6-F0FA-41DD-AEAE-69F6436C5124}.Release|x86.ActiveCfg = Release|Any CPU
		{9CC3BC21-0ACA-4DF8-8F0D-C49FC45BB461}.Ad-Hoc|iPhone.ActiveCfg = Debug|Any CPU
		{9CC3BC21-0ACA-4DF8-8F0D-C49FC45BB461}.Ad-Hoc|iPhone.Build.0 = Debug|Any CPU
		{9CC3BC21-0ACA-4DF8-8F0D-C49FC45BB461}.AppStore|iPhone.ActiveCfg = Debug|Any CPU
		{9CC3BC21-0ACA-4DF8-8F0D-C49FC45BB461}.AppStore|iPhone.Build.0 = Debug|Any CPU
		{9CC3BC21-0ACA-4DF8-8F0D-C49FC45BB461}.Debug|Any CPU.ActiveCfg = Debug|Any CPU
		{9CC3BC21-0ACA-4DF8-8F0D-C49FC45BB461}.Debug|Any CPU.Build.0 = Debug|Any CPU
		{9CC3BC21-0ACA-4DF8-8F0D-C49FC45BB461}.Debug|ARM.ActiveCfg = Debug|Any CPU
		{9CC3BC21-0ACA-4DF8-8F0D-C49FC45BB461}.Debug|ARM.Build.0 = Debug|Any CPU
		{9CC3BC21-0ACA-4DF8-8F0D-C49FC45BB461}.Debug|iPhone.ActiveCfg = Debug|Any CPU
		{9CC3BC21-0ACA-4DF8-8F0D-C49FC45BB461}.Debug|iPhone.Build.0 = Debug|Any CPU
		{9CC3BC21-0ACA-4DF8-8F0D-C49FC45BB461}.Debug|iPhoneSimulator.ActiveCfg = Debug|Any CPU
		{9CC3BC21-0ACA-4DF8-8F0D-C49FC45BB461}.Debug|iPhoneSimulator.Build.0 = Debug|Any CPU
		{9CC3BC21-0ACA-4DF8-8F0D-C49FC45BB461}.Debug|x86.ActiveCfg = Debug|Any CPU
		{9CC3BC21-0ACA-4DF8-8F0D-C49FC45BB461}.Debug|x86.Build.0 = Debug|Any CPU
		{9CC3BC21-0ACA-4DF8-8F0D-C49FC45BB461}.Release|Any CPU.ActiveCfg = Release|Any CPU
		{9CC3BC21-0ACA-4DF8-8F0D-C49FC45BB461}.Release|Any CPU.Build.0 = Release|Any CPU
		{9CC3BC21-0ACA-4DF8-8F0D-C49FC45BB461}.Release|ARM.ActiveCfg = Release|Any CPU
		{9CC3BC21-0ACA-4DF8-8F0D-C49FC45BB461}.Release|ARM.Build.0 = Release|Any CPU
		{9CC3BC21-0ACA-4DF8-8F0D-C49FC45BB461}.Release|iPhone.ActiveCfg = Release|Any CPU
		{9CC3BC21-0ACA-4DF8-8F0D-C49FC45BB461}.Release|iPhone.Build.0 = Release|Any CPU
		{9CC3BC21-0ACA-4DF8-8F0D-C49FC45BB461}.Release|iPhoneSimulator.ActiveCfg = Release|Any CPU
		{9CC3BC21-0ACA-4DF8-8F0D-C49FC45BB461}.Release|iPhoneSimulator.Build.0 = Release|Any CPU
		{9CC3BC21-0ACA-4DF8-8F0D-C49FC45BB461}.Release|x86.ActiveCfg = Release|Any CPU
		{9CC3BC21-0ACA-4DF8-8F0D-C49FC45BB461}.Release|x86.Build.0 = Release|Any CPU
		{C71DD928-8787-47D6-B219-81C6FA18419A}.Ad-Hoc|iPhone.ActiveCfg = Debug|Any CPU
		{C71DD928-8787-47D6-B219-81C6FA18419A}.Ad-Hoc|iPhone.Build.0 = Debug|Any CPU
		{C71DD928-8787-47D6-B219-81C6FA18419A}.AppStore|iPhone.ActiveCfg = Debug|Any CPU
		{C71DD928-8787-47D6-B219-81C6FA18419A}.AppStore|iPhone.Build.0 = Debug|Any CPU
		{C71DD928-8787-47D6-B219-81C6FA18419A}.Debug|Any CPU.ActiveCfg = Debug|Any CPU
		{C71DD928-8787-47D6-B219-81C6FA18419A}.Debug|Any CPU.Build.0 = Debug|Any CPU
		{C71DD928-8787-47D6-B219-81C6FA18419A}.Debug|ARM.ActiveCfg = Debug|Any CPU
		{C71DD928-8787-47D6-B219-81C6FA18419A}.Debug|iPhone.ActiveCfg = Debug|Any CPU
		{C71DD928-8787-47D6-B219-81C6FA18419A}.Debug|iPhone.Build.0 = Debug|Any CPU
		{C71DD928-8787-47D6-B219-81C6FA18419A}.Debug|iPhoneSimulator.ActiveCfg = Debug|Any CPU
		{C71DD928-8787-47D6-B219-81C6FA18419A}.Debug|iPhoneSimulator.Build.0 = Debug|Any CPU
		{C71DD928-8787-47D6-B219-81C6FA18419A}.Debug|x86.ActiveCfg = Debug|Any CPU
		{C71DD928-8787-47D6-B219-81C6FA18419A}.Release|Any CPU.ActiveCfg = Release|Any CPU
		{C71DD928-8787-47D6-B219-81C6FA18419A}.Release|Any CPU.Build.0 = Release|Any CPU
		{C71DD928-8787-47D6-B219-81C6FA18419A}.Release|ARM.ActiveCfg = Release|Any CPU
		{C71DD928-8787-47D6-B219-81C6FA18419A}.Release|iPhone.ActiveCfg = Release|Any CPU
		{C71DD928-8787-47D6-B219-81C6FA18419A}.Release|iPhone.Build.0 = Release|Any CPU
		{C71DD928-8787-47D6-B219-81C6FA18419A}.Release|iPhoneSimulator.ActiveCfg = Release|Any CPU
		{C71DD928-8787-47D6-B219-81C6FA18419A}.Release|iPhoneSimulator.Build.0 = Release|Any CPU
		{C71DD928-8787-47D6-B219-81C6FA18419A}.Release|x86.ActiveCfg = Release|Any CPU
		{FB4E912F-AF4D-478C-B3CF-B72142E112D5}.Ad-Hoc|iPhone.ActiveCfg = Ad-Hoc|iPhone
		{FB4E912F-AF4D-478C-B3CF-B72142E112D5}.Ad-Hoc|iPhone.Build.0 = Ad-Hoc|iPhone
		{FB4E912F-AF4D-478C-B3CF-B72142E112D5}.AppStore|iPhone.ActiveCfg = AppStore|iPhone
		{FB4E912F-AF4D-478C-B3CF-B72142E112D5}.AppStore|iPhone.Build.0 = AppStore|iPhone
		{FB4E912F-AF4D-478C-B3CF-B72142E112D5}.Debug|Any CPU.ActiveCfg = Debug|iPhoneSimulator
		{FB4E912F-AF4D-478C-B3CF-B72142E112D5}.Debug|Any CPU.Build.0 = Debug|iPhoneSimulator
		{FB4E912F-AF4D-478C-B3CF-B72142E112D5}.Debug|ARM.ActiveCfg = Debug|iPhoneSimulator
		{FB4E912F-AF4D-478C-B3CF-B72142E112D5}.Debug|ARM.Build.0 = Debug|iPhoneSimulator
		{FB4E912F-AF4D-478C-B3CF-B72142E112D5}.Debug|iPhone.ActiveCfg = Debug|iPhone
		{FB4E912F-AF4D-478C-B3CF-B72142E112D5}.Debug|iPhone.Build.0 = Debug|iPhone
		{FB4E912F-AF4D-478C-B3CF-B72142E112D5}.Debug|iPhoneSimulator.ActiveCfg = Debug|iPhoneSimulator
		{FB4E912F-AF4D-478C-B3CF-B72142E112D5}.Debug|iPhoneSimulator.Build.0 = Debug|iPhoneSimulator
		{FB4E912F-AF4D-478C-B3CF-B72142E112D5}.Debug|x86.ActiveCfg = Debug|iPhoneSimulator
		{FB4E912F-AF4D-478C-B3CF-B72142E112D5}.Debug|x86.Build.0 = Debug|iPhoneSimulator
		{FB4E912F-AF4D-478C-B3CF-B72142E112D5}.Release|Any CPU.ActiveCfg = Release|iPhoneSimulator
		{FB4E912F-AF4D-478C-B3CF-B72142E112D5}.Release|Any CPU.Build.0 = Release|iPhoneSimulator
		{FB4E912F-AF4D-478C-B3CF-B72142E112D5}.Release|ARM.ActiveCfg = Release|iPhoneSimulator
		{FB4E912F-AF4D-478C-B3CF-B72142E112D5}.Release|ARM.Build.0 = Release|iPhoneSimulator
		{FB4E912F-AF4D-478C-B3CF-B72142E112D5}.Release|iPhone.ActiveCfg = Release|iPhone
		{FB4E912F-AF4D-478C-B3CF-B72142E112D5}.Release|iPhone.Build.0 = Release|iPhone
		{FB4E912F-AF4D-478C-B3CF-B72142E112D5}.Release|iPhoneSimulator.ActiveCfg = Release|iPhoneSimulator
		{FB4E912F-AF4D-478C-B3CF-B72142E112D5}.Release|iPhoneSimulator.Build.0 = Release|iPhoneSimulator
		{FB4E912F-AF4D-478C-B3CF-B72142E112D5}.Release|x86.ActiveCfg = Release|iPhoneSimulator
		{FB4E912F-AF4D-478C-B3CF-B72142E112D5}.Release|x86.Build.0 = Release|iPhoneSimulator
	EndGlobalSection
	GlobalSection(MonoDevelopProperties) = preSolution
		StartupItem = Clients\TodoApp.Clients.iPhone\TodoApp.Clients.iPhone.csproj
	EndGlobalSection
	GlobalSection(SolutionProperties) = preSolution
		HideSolutionNode = FALSE
	EndGlobalSection
EndGlobal
